{
  "name": "bitsy-optimizer",
  "version": "1.0.0",
  "lockfileVersion": 1,
  "requires": true,
  "dependencies": {
    "@bitsy/parser": {
      "version": "0.2.8",
      "resolved": "https://registry.npmjs.org/@bitsy/parser/-/parser-0.2.8.tgz",
      "integrity": "sha512-xQFl/GTN7V5bgRaDV9X2evaD00m+82Bk66VBQ7v9ySVfJyFGfAanaupJP0oZMEHPDO8USR5rOg7GnmqV5+u/aw=="
    }
  }
}
